{
  "requires": true,
  "lockfileVersion": 1,
  "dependencies": {
    "undefined": {
      "version": "0.1.0",
      "resolved": "https://registry.npmjs.org/undefined/-/undefined-0.1.0.tgz",
      "integrity": "sha1-m3BqSzKtMMIMpP5l3cu72sMr3tA="
    },
    "uni-read-pages": {
      "version": "1.0.5",
      "resolved": "https://registry.npmjs.org/uni-read-pages/-/uni-read-pages-1.0.5.tgz",
      "integrity": "sha512-GkrrZ0LX0vn9R5k6RKEi0Ez3Q3e2vUpjXQ8Z6/K/d28KudI9ajqgt8WEjQFlG5EPm1K6uTArN8LlqmZTEixDUA=="
    },
    "uni-simple-router": {
      "version": "2.0.8-beta.3",
      "resolved": "https://registry.npmjs.org/uni-simple-router/-/uni-simple-router-2.0.8-beta.3.tgz",
      "integrity": "sha512-Aiw9O7TzATZ0BH9e6p0hJsVy8K1lYjf3P9QMmskNqJaOh9jltCaurrw/dJZ7xUMGVu/K3XP1MxOotBAUjsiUZg=="
    }
  }
}
